
Microsoft Visual Studio Solution File, Format Version 11.00
# Visual Studio 2010
Project("{FAE04EC0-301F-11D3-BF4B-00C04F79EFBC}") = "AssetBundleMagic", "Assembly-CSharp.csproj", "{78CED596-B39A-039B-B726-96B314B5DFF0}"
EndProject
Project("{FAE04EC0-301F-11D3-BF4B-00C04F79EFBC}") = "AssetBundleMagic", "Assembly-CSharp-Editor.csproj", "{6B80A813-74BD-E7DB-AFC6-44930EEE0E16}"
EndProject
Global
	GlobalSection(SolutionConfigurationPlatforms) = preSolution
		Debug|Any CPU = Debug|Any CPU
		Release|Any CPU = Release|Any CPU
	EndGlobalSection
	GlobalSection(ProjectConfigurationPlatforms) = postSolution
		{78CED596-B39A-039B-B726-96B314B5DFF0}.Debug|Any CPU.ActiveCfg = Debug|Any CPU
		{78CED596-B39A-039B-B726-96B314B5DFF0}.Debug|Any CPU.Build.0 = Debug|Any CPU
		{78CED596-B39A-039B-B726-96B314B5DFF0}.Release|Any CPU.ActiveCfg = Release|Any CPU
		{78CED596-B39A-039B-B726-96B314B5DFF0}.Release|Any CPU.Build.0 = Release|Any CPU
		{6B80A813-74BD-E7DB-AFC6-44930EEE0E16}.Debug|Any CPU.ActiveCfg = Debug|Any CPU
		{6B80A813-74BD-E7DB-AFC6-44930EEE0E16}.Debug|Any CPU.Build.0 = Debug|Any CPU
		{6B80A813-74BD-E7DB-AFC6-44930EEE0E16}.Release|Any CPU.ActiveCfg = Release|Any CPU
		{6B80A813-74BD-E7DB-AFC6-44930EEE0E16}.Release|Any CPU.Build.0 = Release|Any CPU
	EndGlobalSection
	GlobalSection(SolutionProperties) = preSolution
		HideSolutionNode = FALSE
	EndGlobalSection
	GlobalSection(MonoDevelopProperties) = preSolution
		StartupItem = Assembly-CSharp.csproj
	EndGlobalSection
EndGlobal
